
Microsoft Visual Studio Solution File, Format Version 12.00
# Visual Studio Version 16
VisualStudioVersion = 16.0.30011.22
MinimumVisualStudioVersion = 10.0.40219.1
Project("{FAE04EC0-301F-11D3-BF4B-00C04F79EFBC}") = "CustomerProductWebApplication", "CustomerProductWebApplication\CustomerProductWebApplication.csproj", "{5AF536EF-A45A-4BC8-AA93-D8863450485F}"
EndProject
Global
	GlobalSection(SolutionConfigurationPlatforms) = preSolution
		Debug|Any CPU = Debug|Any CPU
		Release|Any CPU = Release|Any CPU
	EndGlobalSection
	GlobalSection(ProjectConfigurationPlatforms) = postSolution
		{5AF536EF-A45A-4BC8-AA93-D8863450485F}.Debug|Any CPU.ActiveCfg = Debug|Any CPU
		{5AF536EF-A45A-4BC8-AA93-D8863450485F}.Debug|Any CPU.Build.0 = Debug|Any CPU
		{5AF536EF-A45A-4BC8-AA93-D8863450485F}.Release|Any CPU.ActiveCfg = Release|Any CPU
		{5AF536EF-A45A-4BC8-AA93-D8863450485F}.Release|Any CPU.Build.0 = Release|Any CPU
	EndGlobalSection
	GlobalSection(SolutionProperties) = preSolution
		HideSolutionNode = FALSE
	EndGlobalSection
	GlobalSection(ExtensibilityGlobals) = postSolution
		SolutionGuid = {76EAC467-F709-4D9B-A5DC-FFB83834B45D}
	EndGlobalSection
EndGlobal
